{
  "name": "@agentx/openclaw-coding-verification",
  "version": "1.0.0",
  "lockfileVersion": 3,
  "requires": true,
  "packages": {
    "": {
      "name": "@agentx/openclaw-coding-verification",
      "version": "1.0.0",
      "peerDependencies": {
        "openclaw": ">=2026.9.4"
      },
      "peerDependenciesMeta": {
        "openclaw": {
          "optional": true
        }
      }
    }
  }
}
